
Microsoft Visual Studio Solution File, Format Version 12.00
# Visual Studio Version 16
VisualStudioVersion = 16.0.29509.3
MinimumVisualStudioVersion = 10.0.40219.1
Project("{FAE04EC0-301F-11D3-BF4B-00C04F79EFBC}") = "NetCore3.Api", "NetCore3.Api\NetCore3.Api.csproj", "{7CF0F51D-DB54-4ACD-94EB-048D4D20E1C6}"
EndProject
Project("{2150E333-8FDC-42A3-9474-1A3956D46DE8}") = "1 - Layers", "1 - Layers", "{BBA28DD4-EC62-4F5B-9771-C1C407BA4CC0}"
EndProject
Project("{2150E333-8FDC-42A3-9474-1A3956D46DE8}") = "1.1 Distributed Services", "1.1 Distributed Services", "{21AF47CE-E265-49CD-8AAD-CB7AB2000A5A}"
EndProject
Project("{2150E333-8FDC-42A3-9474-1A3956D46DE8}") = "1.2 Application", "1.2 Application", "{54EF2E66-265E-4C52-BCB7-590437AB6AD6}"
EndProject
Project("{2150E333-8FDC-42A3-9474-1A3956D46DE8}") = "1.3 Domain", "1.3 Domain", "{B76D672A-BD50-4975-B1C6-B92C28CE452E}"
EndProject
Project("{2150E333-8FDC-42A3-9474-1A3956D46DE8}") = "1.4 DataAccess", "1.4 DataAccess", "{CA054EDD-3C3F-404B-84EB-96F94621DD26}"
EndProject
Project("{2150E333-8FDC-42A3-9474-1A3956D46DE8}") = "1.5 Cross-Cutting", "1.5 Cross-Cutting", "{5548D03A-32BE-4BAB-9817-BF18880AE5F2}"
EndProject
Project("{FAE04EC0-301F-11D3-BF4B-00C04F79EFBC}") = "NetCore3.Api.Application", "NetCore3.Api.Application\NetCore3.Api.Application.csproj", "{699998FA-2035-45FD-9080-75BF21B63B48}"
EndProject
Project("{FAE04EC0-301F-11D3-BF4B-00C04F79EFBC}") = "NetCore3.Api.DataAccess", "NetCore3.Api.DataAccess\NetCore3.Api.DataAccess.csproj", "{978EA8F5-6D45-4AE5-BB86-9B9CB4171F46}"
EndProject
Project("{FAE04EC0-301F-11D3-BF4B-00C04F79EFBC}") = "NetCore3.Api.CrossCutting", "NetCore3.Api.CrossCutting\NetCore3.Api.CrossCutting.csproj", "{1E033CC8-4067-4EC2-B4B5-85A40B450F28}"
EndProject
Project("{FAE04EC0-301F-11D3-BF4B-00C04F79EFBC}") = "NetCore3.Api.Domain", "NetCore3.Api.Domain\NetCore3.Api.Domain.csproj", "{FBB88B62-6986-41DF-9BD0-40360BAE214B}"
EndProject
Global
	GlobalSection(SolutionConfigurationPlatforms) = preSolution
		Debug|Any CPU = Debug|Any CPU
		Release|Any CPU = Release|Any CPU
	EndGlobalSection
	GlobalSection(ProjectConfigurationPlatforms) = postSolution
		{7CF0F51D-DB54-4ACD-94EB-048D4D20E1C6}.Debug|Any CPU.ActiveCfg = Debug|Any CPU
		{7CF0F51D-DB54-4ACD-94EB-048D4D20E1C6}.Debug|Any CPU.Build.0 = Debug|Any CPU
		{7CF0F51D-DB54-4ACD-94EB-048D4D20E1C6}.Release|Any CPU.ActiveCfg = Release|Any CPU
		{7CF0F51D-DB54-4ACD-94EB-048D4D20E1C6}.Release|Any CPU.Build.0 = Release|Any CPU
		{699998FA-2035-45FD-9080-75BF21B63B48}.Debug|Any CPU.ActiveCfg = Debug|Any CPU
		{699998FA-2035-45FD-9080-75BF21B63B48}.Debug|Any CPU.Build.0 = Debug|Any CPU
		{699998FA-2035-45FD-9080-75BF21B63B48}.Release|Any CPU.ActiveCfg = Release|Any CPU
		{699998FA-2035-45FD-9080-75BF21B63B48}.Release|Any CPU.Build.0 = Release|Any CPU
		{978EA8F5-6D45-4AE5-BB86-9B9CB4171F46}.Debug|Any CPU.ActiveCfg = Debug|Any CPU
		{978EA8F5-6D45-4AE5-BB86-9B9CB4171F46}.Debug|Any CPU.Build.0 = Debug|Any CPU
		{978EA8F5-6D45-4AE5-BB86-9B9CB4171F46}.Release|Any CPU.ActiveCfg = Release|Any CPU
		{978EA8F5-6D45-4AE5-BB86-9B9CB4171F46}.Release|Any CPU.Build.0 = Release|Any CPU
		{1E033CC8-4067-4EC2-B4B5-85A40B450F28}.Debug|Any CPU.ActiveCfg = Debug|Any CPU
		{1E033CC8-4067-4EC2-B4B5-85A40B450F28}.Debug|Any CPU.Build.0 = Debug|Any CPU
		{1E033CC8-4067-4EC2-B4B5-85A40B450F28}.Release|Any CPU.ActiveCfg = Release|Any CPU
		{1E033CC8-4067-4EC2-B4B5-85A40B450F28}.Release|Any CPU.Build.0 = Release|Any CPU
		{FBB88B62-6986-41DF-9BD0-40360BAE214B}.Debug|Any CPU.ActiveCfg = Debug|Any CPU
		{FBB88B62-6986-41DF-9BD0-40360BAE214B}.Debug|Any CPU.Build.0 = Debug|Any CPU
		{FBB88B62-6986-41DF-9BD0-40360BAE214B}.Release|Any CPU.ActiveCfg = Release|Any CPU
		{FBB88B62-6986-41DF-9BD0-40360BAE214B}.Release|Any CPU.Build.0 = Release|Any CPU
	EndGlobalSection
	GlobalSection(SolutionProperties) = preSolution
		HideSolutionNode = FALSE
	EndGlobalSection
	GlobalSection(NestedProjects) = preSolution
		{7CF0F51D-DB54-4ACD-94EB-048D4D20E1C6} = {21AF47CE-E265-49CD-8AAD-CB7AB2000A5A}
		{21AF47CE-E265-49CD-8AAD-CB7AB2000A5A} = {BBA28DD4-EC62-4F5B-9771-C1C407BA4CC0}
		{54EF2E66-265E-4C52-BCB7-590437AB6AD6} = {BBA28DD4-EC62-4F5B-9771-C1C407BA4CC0}
		{B76D672A-BD50-4975-B1C6-B92C28CE452E} = {BBA28DD4-EC62-4F5B-9771-C1C407BA4CC0}
		{CA054EDD-3C3F-404B-84EB-96F94621DD26} = {BBA28DD4-EC62-4F5B-9771-C1C407BA4CC0}
		{5548D03A-32BE-4BAB-9817-BF18880AE5F2} = {BBA28DD4-EC62-4F5B-9771-C1C407BA4CC0}
		{699998FA-2035-45FD-9080-75BF21B63B48} = {54EF2E66-265E-4C52-BCB7-590437AB6AD6}
		{978EA8F5-6D45-4AE5-BB86-9B9CB4171F46} = {CA054EDD-3C3F-404B-84EB-96F94621DD26}
		{1E033CC8-4067-4EC2-B4B5-85A40B450F28} = {5548D03A-32BE-4BAB-9817-BF18880AE5F2}
		{FBB88B62-6986-41DF-9BD0-40360BAE214B} = {B76D672A-BD50-4975-B1C6-B92C28CE452E}
	EndGlobalSection
	GlobalSection(ExtensibilityGlobals) = postSolution
		SolutionGuid = {6AD06F0A-AFFB-4660-BB8E-2986EF569417}
	EndGlobalSection
EndGlobal
